// !$*UTF8*$!
{
	archiveVersion = 1;
	classes = {
	};
	objectVersion = 70;
	objects = {

/* Begin PBXBuildFile section */
		9090F91E2D018E8A00F6BE48 /* BarcodeDetection.swift in Sources */ = {isa = PBXBuildFile; fileRef = 9090F91D2D018E7F00F6BE48 /* BarcodeDetection.swift */; };
		BE95D0EF2C76BB1F003B0F75 /* SampleTextScannerApp.swift in Sources */ = {isa = PBXBuildFile; fileRef = BE95D0EE2C76BB1F003B0F75 /* SampleTextScannerApp.swift */; };
		BE95D0F32C76BB20003B0F75 /* Assets.xcassets in Resources */ = {isa = PBXBuildFile; fileRef = BE95D0F22C76BB20003B0F75 /* Assets.xcassets */; };
		BE95D0F62C76BB20003B0F75 /* Preview Assets.xcassets in Resources */ = {isa = PBXBuildFile; fileRef = BE95D0F52C76BB20003B0F75 /* Preview Assets.xcassets */; };
		BEB0AE5F2C76BC4300C59A28 /* ImageView.swift in Sources */ = {isa = PBXBuildFile; fileRef = BEB0AE5E2C76BC4300C59A28 /* ImageView.swift */; };
		BEB0AE612C76BC4900C59A28 /* InitialView.swift in Sources */ = {isa = PBXBuildFile; fileRef = BEB0AE602C76BC4900C59A28 /* InitialView.swift */; };
		BEB0AE632C76BC5200C59A28 /* TextRecognition.swift in Sources */ = {isa = PBXBuildFile; fileRef = BEB0AE622C76BC5100C59A28 /* TextRecognition.swift */; };
		BEB0AE652C76BC5A00C59A28 /* TranscriptView.swift in Sources */ = {isa = PBXBuildFile; fileRef = BEB0AE642C76BC5A00C59A28 /* TranscriptView.swift */; };
/* End PBXBuildFile section */

/* Begin PBXFileReference section */
		5AEB2D0585BE7AA526324265 /* README.md */ = {isa = PBXFileReference; lastKnownFileType = net.daringfireball.markdown; path = README.md; sourceTree = "<group>"; };
		9090F91D2D018E7F00F6BE48 /* BarcodeDetection.swift */ = {isa = PBXFileReference; lastKnownFileType = sourcecode.swift; path = BarcodeDetection.swift; sourceTree = "<group>"; };
		982C93A0335B9D1D599BB87C /* LICENSE.txt */ = {isa = PBXFileReference; includeInIndex = 1; lastKnownFileType = text; path = LICENSE.txt; sourceTree = "<group>"; };
		BE95D0EB2C76BB1F003B0F75 /* SampleScanner.app */ = {isa = PBXFileReference; explicitFileType = wrapper.application; includeInIndex = 0; path = SampleScanner.app; sourceTree = BUILT_PRODUCTS_DIR; };
		BE95D0EE2C76BB1F003B0F75 /* SampleTextScannerApp.swift */ = {isa = PBXFileReference; lastKnownFileType = sourcecode.swift; path = SampleTextScannerApp.swift; sourceTree = "<group>"; };
		BE95D0F22C76BB20003B0F75 /* Assets.xcassets */ = {isa = PBXFileReference; lastKnownFileType = folder.assetcatalog; path = Assets.xcassets; sourceTree = "<group>"; };
		BE95D0F52C76BB20003B0F75 /* Preview Assets.xcassets */ = {isa = PBXFileReference; lastKnownFileType = folder.assetcatalog; path = "Preview Assets.xcassets"; sourceTree = "<group>"; };
		BEB0AE5E2C76BC4300C59A28 /* ImageView.swift */ = {isa = PBXFileReference; lastKnownFileType = sourcecode.swift; path = ImageView.swift; sourceTree = "<group>"; };
		BEB0AE602C76BC4900C59A28 /* InitialView.swift */ = {isa = PBXFileReference; lastKnownFileType = sourcecode.swift; path = InitialView.swift; sourceTree = "<group>"; };
		BEB0AE622C76BC5100C59A28 /* TextRecognition.swift */ = {isa = PBXFileReference; lastKnownFileType = sourcecode.swift; path = TextRecognition.swift; sourceTree = "<group>"; };
		BEB0AE642C76BC5A00C59A28 /* TranscriptView.swift */ = {isa = PBXFileReference; lastKnownFileType = sourcecode.swift; path = TranscriptView.swift; sourceTree = "<group>"; };
		D0506ABCA56D588BC7620CAE /* SampleCode.xcconfig */ = {isa = PBXFileReference; lastKnownFileType = text.xcconfig; name = SampleCode.xcconfig; path = Configuration/SampleCode.xcconfig; sourceTree = "<group>"; };
/* End PBXFileReference section */

/* Begin PBXFileSystemSynchronizedRootGroup section */
		BEB0AE572C76BC1500C59A28 /* Camera */ = {isa = PBXFileSystemSynchronizedRootGroup; explicitFileTypes = {}; explicitFolders = (); path = Camera; sourceTree = "<group>"; };
/* End PBXFileSystemSynchronizedRootGroup section */

/* Begin PBXFrameworksBuildPhase section */
		BE95D0E82C76BB1F003B0F75 /* Frameworks */ = {
			isa = PBXFrameworksBuildPhase;
			buildActionMask = 2147483647;
			files = (
			);
			runOnlyForDeploymentPostprocessing = 0;
		};
/* End PBXFrameworksBuildPhase section */

/* Begin PBXGroup section */
		BE95D0E22C76BB1F003B0F75 = {
			isa = PBXGroup;
			children = (
				5AEB2D0585BE7AA526324265 /* README.md */,
				BE95D0ED2C76BB1F003B0F75 /* SampleScanner */,
				BE95D0EC2C76BB1F003B0F75 /* Products */,
				D68AAFA492903982B7EF2F92 /* Configuration */,
				D8635552A3AE2ED52E4391F9 /* LICENSE */,
			);
			sourceTree = "<group>";
		};
		BE95D0EC2C76BB1F003B0F75 /* Products */ = {
			isa = PBXGroup;
			children = (
				BE95D0EB2C76BB1F003B0F75 /* SampleScanner.app */,
			);
			name = Products;
			sourceTree = "<group>";
		};
		BE95D0ED2C76BB1F003B0F75 /* SampleScanner */ = {
			isa = PBXGroup;
			children = (
				BEB0AE572C76BC1500C59A28 /* Camera */,
				BE95D0EE2C76BB1F003B0F75 /* SampleTextScannerApp.swift */,
				BE95D0F22C76BB20003B0F75 /* Assets.xcassets */,
				BE95D0F42C76BB20003B0F75 /* Preview Content */,
				BEB0AE5E2C76BC4300C59A28 /* ImageView.swift */,
				BEB0AE602C76BC4900C59A28 /* InitialView.swift */,
				9090F91D2D018E7F00F6BE48 /* BarcodeDetection.swift */,
				BEB0AE622C76BC5100C59A28 /* TextRecognition.swift */,
				BEB0AE642C76BC5A00C59A28 /* TranscriptView.swift */,
			);
			path = SampleScanner;
			sourceTree = "<group>";
		};
		BE95D0F42C76BB20003B0F75 /* Preview Content */ = {
			isa = PBXGroup;
			children = (
				BE95D0F52C76BB20003B0F75 /* Preview Assets.xcassets */,
			);
			path = "Preview Content";
			sourceTree = "<group>";
		};
		D68AAFA492903982B7EF2F92 /* Configuration */ = {
			isa = PBXGroup;
			children = (
				D0506ABCA56D588BC7620CAE /* SampleCode.xcconfig */,
			);
			name = Configuration;
			sourceTree = "<group>";
		};
		D8635552A3AE2ED52E4391F9 /* LICENSE */ = {
			isa = PBXGroup;
			children = (
				982C93A0335B9D1D599BB87C /* LICENSE.txt */,
			);
			name = LICENSE;
			path = .;
			sourceTree = "<group>";
		};
/* End PBXGroup section */

/* Begin PBXNativeTarget section */
		BE95D0EA2C76BB1F003B0F75 /* SampleScanner */ = {
			isa = PBXNativeTarget;
			buildConfigurationList = BE95D0F92C76BB20003B0F75 /* Build configuration list for PBXNativeTarget "SampleScanner" */;
			buildPhases = (
				BE95D0E72C76BB1F003B0F75 /* Sources */,
				BE95D0E82C76BB1F003B0F75 /* Frameworks */,
				BE95D0E92C76BB1F003B0F75 /* Resources */,
			);
			buildRules = (
			);
			dependencies = (
			);
			fileSystemSynchronizedGroups = (
				BEB0AE572C76BC1500C59A28 /* Camera */,
			);
			name = SampleScanner;
			productName = MyFirstImageReader;
			productReference = BE95D0EB2C76BB1F003B0F75 /* SampleScanner.app */;
			productType = "com.apple.product-type.application";
		};
/* End PBXNativeTarget section */

/* Begin PBXProject section */
		BE95D0E32C76BB1F003B0F75 /* Project object */ = {
			isa = PBXProject;
			attributes = {
				BuildIndependentTargetsInParallel = 1;
				LastSwiftUpdateCheck = 1600;
				LastUpgradeCheck = 1600;
				ORGANIZATIONNAME = Apple;
				TargetAttributes = {
					BE95D0EA2C76BB1F003B0F75 = {
						CreatedOnToolsVersion = 16.0;
					};
				};
			};
			buildConfigurationList = BE95D0E62C76BB1F003B0F75 /* Build configuration list for PBXProject "SampleScanner" */;
			compatibilityVersion = "Xcode 15.0";
			developmentRegion = en;
			hasScannedForEncodings = 0;
			knownRegions = (
				en,
				Base,
			);
			mainGroup = BE95D0E22C76BB1F003B0F75;
			productRefGroup = BE95D0EC2C76BB1F003B0F75 /* Products */;
			projectDirPath = "";
			projectRoot = "";
			targets = (
				BE95D0EA2C76BB1F003B0F75 /* SampleScanner */,
			);
		};
/* End PBXProject section */

/* Begin PBXResourcesBuildPhase section */
		BE95D0E92C76BB1F003B0F75 /* Resources */ = {
			isa = PBXResourcesBuildPhase;
			buildActionMask = 2147483647;
			files = (
				BE95D0F62C76BB20003B0F75 /* Preview Assets.xcassets in Resources */,
				BE95D0F32C76BB20003B0F75 /* Assets.xcassets in Resources */,
			);
			runOnlyForDeploymentPostprocessing = 0;
		};
/* End PBXResourcesBuildPhase section */

/* Begin PBXSourcesBuildPhase section */
		BE95D0E72C76BB1F003B0F75 /* Sources */ = {
			isa = PBXSourcesBuildPhase;
			buildActionMask = 2147483647;
			files = (
				BEB0AE5F2C76BC4300C59A28 /* ImageView.swift in Sources */,
				BEB0AE652C76BC5A00C59A28 /* TranscriptView.swift in Sources */,
				BEB0AE612C76BC4900C59A28 /* InitialView.swift in Sources */,
				BEB0AE632C76BC5200C59A28 /* TextRecognition.swift in Sources */,
				9090F91E2D018E8A00F6BE48 /* BarcodeDetection.swift in Sources */,
				BE95D0EF2C76BB1F003B0F75 /* SampleTextScannerApp.swift in Sources */,
			);
			runOnlyForDeploymentPostprocessing = 0;
		};
/* End PBXSourcesBuildPhase section */

/* Begin XCBuildConfiguration section */
		BE95D0F72C76BB20003B0F75 /* Debug */ = {
			isa = XCBuildConfiguration;
			baseConfigurationReference = D0506ABCA56D588BC7620CAE /* SampleCode.xcconfig */;
			buildSettings = {
				ALWAYS_SEARCH_USER_PATHS = NO;
				ASSETCATALOG_COMPILER_GENERATE_SWIFT_ASSET_SYMBOL_EXTENSIONS = YES;
				CLANG_ANALYZER_NONNULL = YES;
				CLANG_ANALYZER_NUMBER_OBJECT_CONVERSION = YES_AGGRESSIVE;
				CLANG_CXX_LANGUAGE_STANDARD = "gnu++20";
				CLANG_ENABLE_MODULES = YES;
				CLANG_ENABLE_OBJC_ARC = YES;
				CLANG_ENABLE_OBJC_WEAK = YES;
				CLANG_WARN_BLOCK_CAPTURE_AUTORELEASING = YES;
				CLANG_WARN_BOOL_CONVERSION = YES;
				CLANG_WARN_COMMA = YES;
				CLANG_WARN_CONSTANT_CONVERSION = YES;
				CLANG_WARN_DEPRECATED_OBJC_IMPLEMENTATIONS = YES;
				CLANG_WARN_DIRECT_OBJC_ISA_USAGE = YES_ERROR;
				CLANG_WARN_DOCUMENTATION_COMMENTS = YES;
				CLANG_WARN_EMPTY_BODY = YES;
				CLANG_WARN_ENUM_CONVERSION = YES;
				CLANG_WARN_INFINITE_RECURSION = YES;
				CLANG_WARN_INT_CONVERSION = YES;
				CLANG_WARN_NON_LITERAL_NULL_CONVERSION = YES;
				CLANG_WARN_OBJC_IMPLICIT_RETAIN_SELF = YES;
				CLANG_WARN_OBJC_LITERAL_CONVERSION = YES;
				CLANG_WARN_OBJC_ROOT_CLASS = YES_ERROR;
				CLANG_WARN_QUOTED_INCLUDE_IN_FRAMEWORK_HEADER = YES;
				CLANG_WARN_RANGE_LOOP_ANALYSIS = YES;
				CLANG_WARN_STRICT_PROTOTYPES = YES;
				CLANG_WARN_SUSPICIOUS_MOVE = YES;
				CLANG_WARN_UNGUARDED_AVAILABILITY = YES_AGGRESSIVE;
				CLANG_WARN_UNREACHABLE_CODE = YES;
				CLANG_WARN__DUPLICATE_METHOD_MATCH = YES;
				COPY_PHASE_STRIP = NO;
				DEBUG_INFORMATION_FORMAT = dwarf;
				ENABLE_STRICT_OBJC_MSGSEND = YES;
				ENABLE_TESTABILITY = YES;
				ENABLE_USER_SCRIPT_SANDBOXING = YES;
				GCC_C_LANGUAGE_STANDARD = gnu17;
				GCC_DYNAMIC_NO_PIC = NO;
				GCC_NO_COMMON_BLOCKS = YES;
				GCC_OPTIMIZATION_LEVEL = 0;
				GCC_PREPROCESSOR_DEFINITIONS = (
					"DEBUG=1",
					"$(inherited)",
				);
				GCC_WARN_64_TO_32_BIT_CONVERSION = YES;
				GCC_WARN_ABOUT_RETURN_TYPE = YES_ERROR;
				GCC_WARN_UNDECLARED_SELECTOR = YES;
				GCC_WARN_UNINITIALIZED_AUTOS = YES_AGGRESSIVE;
				GCC_WARN_UNUSED_FUNCTION = YES;
				GCC_WARN_UNUSED_VARIABLE = YES;
				IPHONEOS_DEPLOYMENT_TARGET = 18.0;
				LOCALIZATION_PREFERS_STRING_CATALOGS = YES;
				MTL_ENABLE_DEBUG_INFO = INCLUDE_SOURCE;
				MTL_FAST_MATH = YES;
				ONLY_ACTIVE_ARCH = YES;
				SDKROOT = iphoneos;
				SWIFT_ACTIVE_COMPILATION_CONDITIONS = "DEBUG $(inherited)";
				SWIFT_OPTIMIZATION_LEVEL = "-Onone";
			};
			name = Debug;
		};
		BE95D0F82C76BB20003B0F75 /* Release */ = {
			isa = XCBuildConfiguration;
			baseConfigurationReference = D0506ABCA56D588BC7620CAE /* SampleCode.xcconfig */;
			buildSettings = {
				ALWAYS_SEARCH_USER_PATHS = NO;
				ASSETCATALOG_COMPILER_GENERATE_SWIFT_ASSET_SYMBOL_EXTENSIONS = YES;
				CLANG_ANALYZER_NONNULL = YES;
				CLANG_ANALYZER_NUMBER_OBJECT_CONVERSION = YES_AGGRESSIVE;
				CLANG_CXX_LANGUAGE_STANDARD = "gnu++20";
				CLANG_ENABLE_MODULES = YES;
				CLANG_ENABLE_OBJC_ARC = YES;
				CLANG_ENABLE_OBJC_WEAK = YES;
				CLANG_WARN_BLOCK_CAPTURE_AUTORELEASING = YES;
				CLANG_WARN_BOOL_CONVERSION = YES;
				CLANG_WARN_COMMA = YES;
				CLANG_WARN_CONSTANT_CONVERSION = YES;
				CLANG_WARN_DEPRECATED_OBJC_IMPLEMENTATIONS = YES;
				CLANG_WARN_DIRECT_OBJC_ISA_USAGE = YES_ERROR;
				CLANG_WARN_DOCUMENTATION_COMMENTS = YES;
				CLANG_WARN_EMPTY_BODY = YES;
				CLANG_WARN_ENUM_CONVERSION = YES;
				CLANG_WARN_INFINITE_RECURSION = YES;
				CLANG_WARN_INT_CONVERSION = YES;
				CLANG_WARN_NON_LITERAL_NULL_CONVERSION = YES;
				CLANG_WARN_OBJC_IMPLICIT_RETAIN_SELF = YES;
				CLANG_WARN_OBJC_LITERAL_CONVERSION = YES;
				CLANG_WARN_OBJC_ROOT_CLASS = YES_ERROR;
				CLANG_WARN_QUOTED_INCLUDE_IN_FRAMEWORK_HEADER = YES;
				CLANG_WARN_RANGE_LOOP_ANALYSIS = YES;
				CLANG_WARN_STRICT_PROTOTYPES = YES;
				CLANG_WARN_SUSPICIOUS_MOVE = YES;
				CLANG_WARN_UNGUARDED_AVAILABILITY = YES_AGGRESSIVE;
				CLANG_WARN_UNREACHABLE_CODE = YES;
				CLANG_WARN__DUPLICATE_METHOD_MATCH = YES;
				COPY_PHASE_STRIP = NO;
				DEBUG_INFORMATION_FORMAT = "dwarf-with-dsym";
				ENABLE_NS_ASSERTIONS = NO;
				ENABLE_STRICT_OBJC_MSGSEND = YES;
				ENABLE_USER_SCRIPT_SANDBOXING = YES;
				GCC_C_LANGUAGE_STANDARD = gnu17;
				GCC_NO_COMMON_BLOCKS = YES;
				GCC_WARN_64_TO_32_BIT_CONVERSION = YES;
				GCC_WARN_ABOUT_RETURN_TYPE = YES_ERROR;
				GCC_WARN_UNDECLARED_SELECTOR = YES;
				GCC_WARN_UNINITIALIZED_AUTOS = YES_AGGRESSIVE;
				GCC_WARN_UNUSED_FUNCTION = YES;
				GCC_WARN_UNUSED_VARIABLE = YES;
				IPHONEOS_DEPLOYMENT_TARGET = 18.0;
				LOCALIZATION_PREFERS_STRING_CATALOGS = YES;
				MTL_ENABLE_DEBUG_INFO = NO;
				MTL_FAST_MATH = YES;
				SDKROOT = iphoneos;
				SWIFT_COMPILATION_MODE = wholemodule;
				VALIDATE_PRODUCT = YES;
			};
			name = Release;
		};
		BE95D0FA2C76BB20003B0F75 /* Debug */ = {
			isa = XCBuildConfiguration;
			baseConfigurationReference = D0506ABCA56D588BC7620CAE /* SampleCode.xcconfig */;
			buildSettings = {
				ASSETCATALOG_COMPILER_APPICON_NAME = AppIcon;
				ASSETCATALOG_COMPILER_GLOBAL_ACCENT_COLOR_NAME = AccentColor;
				CODE_SIGN_STYLE = Automatic;
				CURRENT_PROJECT_VERSION = 1;
				DEVELOPMENT_ASSET_PATHS = "\"SampleScanner/Preview Content\"";
				DEVELOPMENT_TEAM = 6WD5EG85UW;
				ENABLE_PREVIEWS = YES;
				ENABLE_USER_SCRIPT_SANDBOXING = YES;
				GENERATE_INFOPLIST_FILE = YES;
				INFOPLIST_KEY_CFBundleDisplayName = SampleScanner;
				INFOPLIST_KEY_NSCameraUsageDescription = "The sample app needs access to your camera to take photos.";
				INFOPLIST_KEY_UIApplicationSceneManifest_Generation = YES;
				INFOPLIST_KEY_UIApplicationSupportsIndirectInputEvents = YES;
				INFOPLIST_KEY_UILaunchScreen_Generation = YES;
				INFOPLIST_KEY_UIRequiresFullScreen = YES;
				INFOPLIST_KEY_UISupportedInterfaceOrientations = UIInterfaceOrientationPortrait;
				LD_RUNPATH_SEARCH_PATHS = (
					"$(inherited)",
					"@executable_path/Frameworks",
				);
				MARKETING_VERSION = 1.0;
				PRODUCT_BUNDLE_IDENTIFIER = "com.examfple.apple-samplecode.SampleTextScanner--SAMPLE-CODE-DISAMBIGUATOR-";
				PRODUCT_NAME = "$(TARGET_NAME)";
				PROVISIONING_PROFILE_SPECIFIER = "";
				SUPPORTED_PLATFORMS = "iphoneos iphonesimulator";
				SUPPORTS_MACCATALYST = NO;
				SUPPORTS_MAC_DESIGNED_FOR_IPHONE_IPAD = NO;
				SUPPORTS_XR_DESIGNED_FOR_IPHONE_IPAD = NO;
				SWIFT_EMIT_LOC_STRINGS = YES;
				SWIFT_VERSION = 5.0;
				TARGETED_DEVICE_FAMILY = "1,2";
			};
			name = Debug;
		};
		BE95D0FB2C76BB20003B0F75 /* Release */ = {
			isa = XCBuildConfiguration;
			baseConfigurationReference = D0506ABCA56D588BC7620CAE /* SampleCode.xcconfig */;
			buildSettings = {
				ASSETCATALOG_COMPILER_APPICON_NAME = AppIcon;
				ASSETCATALOG_COMPILER_GLOBAL_ACCENT_COLOR_NAME = AccentColor;
				CODE_SIGN_STYLE = Automatic;
				CURRENT_PROJECT_VERSION = 1;
				DEVELOPMENT_ASSET_PATHS = "\"SampleScanner/Preview Content\"";
				DEVELOPMENT_TEAM = 6WD5EG85UW;
				ENABLE_PREVIEWS = YES;
				ENABLE_USER_SCRIPT_SANDBOXING = YES;
				GENERATE_INFOPLIST_FILE = YES;
				INFOPLIST_KEY_CFBundleDisplayName = SampleScanner;
				INFOPLIST_KEY_NSCameraUsageDescription = "The sample app needs access to your camera to take photos.";
				INFOPLIST_KEY_UIApplicationSceneManifest_Generation = YES;
				INFOPLIST_KEY_UIApplicationSupportsIndirectInputEvents = YES;
				INFOPLIST_KEY_UILaunchScreen_Generation = YES;
				INFOPLIST_KEY_UIRequiresFullScreen = YES;
				INFOPLIST_KEY_UISupportedInterfaceOrientations = UIInterfaceOrientationPortrait;
				LD_RUNPATH_SEARCH_PATHS = (
					"$(inherited)",
					"@executable_path/Frameworks",
				);
				MARKETING_VERSION = 1.0;
				PRODUCT_BUNDLE_IDENTIFIER = "com.examfple.apple-samplecode.SampleTextScanner--SAMPLE-CODE-DISAMBIGUATOR-";
				PRODUCT_NAME = "$(TARGET_NAME)";
				PROVISIONING_PROFILE_SPECIFIER = "";
				SUPPORTED_PLATFORMS = "iphoneos iphonesimulator";
				SUPPORTS_MACCATALYST = NO;
				SUPPORTS_MAC_DESIGNED_FOR_IPHONE_IPAD = NO;
				SUPPORTS_XR_DESIGNED_FOR_IPHONE_IPAD = NO;
				SWIFT_EMIT_LOC_STRINGS = YES;
				SWIFT_VERSION = 5.0;
				TARGETED_DEVICE_FAMILY = "1,2";
			};
			name = Release;
		};
/* End XCBuildConfiguration section */

/* Begin XCConfigurationList section */
		BE95D0E62C76BB1F003B0F75 /* Build configuration list for PBXProject "SampleScanner" */ = {
			isa = XCConfigurationList;
			buildConfigurations = (
				BE95D0F72C76BB20003B0F75 /* Debug */,
				BE95D0F82C76BB20003B0F75 /* Release */,
			);
			defaultConfigurationIsVisible = 0;
			defaultConfigurationName = Release;
		};
		BE95D0F92C76BB20003B0F75 /* Build configuration list for PBXNativeTarget "SampleScanner" */ = {
			isa = XCConfigurationList;
			buildConfigurations = (
				BE95D0FA2C76BB20003B0F75 /* Debug */,
				BE95D0FB2C76BB20003B0F75 /* Release */,
			);
			defaultConfigurationIsVisible = 0;
			defaultConfigurationName = Release;
		};
/* End XCConfigurationList section */
	};
	rootObject = BE95D0E32C76BB1F003B0F75 /* Project object */;
}
